
Microsoft Visual Studio Solution File, Format Version 12.00
# Visual Studio Version 16
VisualStudioVersion = 16.0.30611.23
MinimumVisualStudioVersion = 10.0.40219.1
Project("{FAE04EC0-301F-11D3-BF4B-00C04F79EFBC}") = "Ex14", "Ex14\Ex14.csproj", "{05B33AF8-A06F-43C4-980F-3E14BDCBFD6E}"
EndProject
Project("{FAE04EC0-301F-11D3-BF4B-00C04F79EFBC}") = "Ex13", "Ex13\Ex13.csproj", "{9AC3C1C9-929D-4B92-B779-FB5DBEBD237F}"
EndProject
Project("{FAE04EC0-301F-11D3-BF4B-00C04F79EFBC}") = "Ex12", "Ex12\Ex12.csproj", "{51C052B9-2C18-48D4-B8E7-52675EFD46A3}"
EndProject
Project("{FAE04EC0-301F-11D3-BF4B-00C04F79EFBC}") = "Ex11", "Ex11\Ex11.csproj", "{2006EBFA-032A-4D20-AD6F-8784F11AC991}"
EndProject
Project("{FAE04EC0-301F-11D3-BF4B-00C04F79EFBC}") = "Ex10", "Ex10\Ex10.csproj", "{75EAD7B8-F1D5-4BDA-B3C7-AFB50F33E36A}"
EndProject
Project("{FAE04EC0-301F-11D3-BF4B-00C04F79EFBC}") = "Ex3", "Ex3\Ex3.csproj", "{0FAB33E8-0F57-4297-9925-7178014C997B}"
EndProject
Project("{FAE04EC0-301F-11D3-BF4B-00C04F79EFBC}") = "Ex1", "Ex1\Ex1.csproj", "{01C9DE4D-35C5-465D-AB45-7CB1AE73E7ED}"
EndProject
Project("{2150E333-8FDC-42A3-9474-1A3956D46DE8}") = "Les1", "Les1", "{8DB3E71E-4B70-4CA0-999C-BCF77F931FBF}"
EndProject
Project("{2150E333-8FDC-42A3-9474-1A3956D46DE8}") = "Les2", "Les2", "{25946773-56E3-46F2-AA46-E5ECC3CCB488}"
EndProject
Project("{FAE04EC0-301F-11D3-BF4B-00C04F79EFBC}") = "Les2Ex1", "Les2Ex1\Les2Ex1.csproj", "{1E722B1F-AD8A-48B4-8F9D-F57B9409572F}"
EndProject
Project("{FAE04EC0-301F-11D3-BF4B-00C04F79EFBC}") = "Les2Ex2", "Les2Ex2\Les2Ex2.csproj", "{5DAEF994-D8C4-418A-AFBE-9F2B18EFD82E}"
EndProject
Project("{FAE04EC0-301F-11D3-BF4B-00C04F79EFBC}") = "Les2Ex3", "Les2Ex3\Les2Ex3.csproj", "{AC0B1433-C891-4E0F-9860-9B07CB35AC01}"
EndProject
Project("{2150E333-8FDC-42A3-9474-1A3956D46DE8}") = "Les3", "Les3", "{0D47E365-8D01-4137-8760-67066E044611}"
EndProject
Project("{FAE04EC0-301F-11D3-BF4B-00C04F79EFBC}") = "Les3Ex1", "Les3Ex1\Les3Ex1.csproj", "{795E78EB-CCE5-4311-937E-B794F8AA6672}"
EndProject
Project("{FAE04EC0-301F-11D3-BF4B-00C04F79EFBC}") = "Les3Ex2", "Les3Ex2\Les3Ex2.csproj", "{684BCBB1-369A-4566-B950-C3C027D90EDF}"
EndProject
Project("{FAE04EC0-301F-11D3-BF4B-00C04F79EFBC}") = "Les3Ex3", "Les3Ex3\Les3Ex3.csproj", "{486450EF-4CF4-47D3-870C-8BB916AABF96}"
EndProject
Project("{2150E333-8FDC-42A3-9474-1A3956D46DE8}") = "Les4", "Les4", "{FFE1AD0A-8E6D-4851-8F4F-3069F659A773}"
EndProject
Project("{FAE04EC0-301F-11D3-BF4B-00C04F79EFBC}") = "Les4Ex1", "Les4Ex1\Les4Ex1.csproj", "{1995E992-C68E-4A61-BD5C-49E08F8EEC37}"
EndProject
Project("{FAE04EC0-301F-11D3-BF4B-00C04F79EFBC}") = "Les4Ex3", "Les4Ex3\Les4Ex3.csproj", "{AE48C3F5-90C2-440A-9A89-07AB1AA8DE8F}"
EndProject
Project("{FAE04EC0-301F-11D3-BF4B-00C04F79EFBC}") = "Les4Ex2", "Les4Ex2\Les4Ex2.csproj", "{81AC11BB-F94B-4D28-8CC8-EE8900E8538C}"
EndProject
Project("{2150E333-8FDC-42A3-9474-1A3956D46DE8}") = "Les5", "Les5", "{F042CFEC-7CD0-4BA5-8F33-2887EB74E225}"
EndProject
Project("{FAE04EC0-301F-11D3-BF4B-00C04F79EFBC}") = "Les5Ex1", "Les5Ex1\Les5Ex1.csproj", "{19067610-D6C4-48B5-BB68-7EC1F7C4A7A9}"
EndProject
Project("{FAE04EC0-301F-11D3-BF4B-00C04F79EFBC}") = "Les5Ex2", "Les5Ex2\Les5Ex2.csproj", "{3181DBDC-93DD-4C4F-963E-EFE45F5D9379}"
EndProject
Project("{FAE04EC0-301F-11D3-BF4B-00C04F79EFBC}") = "Les5Ex4", "Les5Ex4\Les5Ex4.csproj", "{58A9A251-2B93-48FC-BA76-838C3867F469}"
EndProject
Project("{FAE04EC0-301F-11D3-BF4B-00C04F79EFBC}") = "Les5Ex6", "Les5Ex6\Les5Ex6.csproj", "{7125B2E7-7DB8-4867-8959-6AFE8012661D}"
EndProject
Project("{FAE04EC0-301F-11D3-BF4B-00C04F79EFBC}") = "Les5Ex5", "Les5Ex5\Les5Ex5.csproj", "{F7F72E67-6736-458C-B02E-564082D3BD84}"
EndProject
Project("{2150E333-8FDC-42A3-9474-1A3956D46DE8}") = "Les6", "Les6", "{2741E57A-B430-43F5-B47D-0E9DD38383E7}"
EndProject
Project("{FAE04EC0-301F-11D3-BF4B-00C04F79EFBC}") = "Les6Ex1", "Les6Ex1\Les6Ex1.csproj", "{C1D1289A-D086-41AD-8677-D4BCE16DA230}"
EndProject
Project("{FAE04EC0-301F-11D3-BF4B-00C04F79EFBC}") = "Les6Ex2", "Les6Ex2\Les6Ex2.csproj", "{B481591B-D43A-49D0-9227-36F53904931E}"
EndProject
Project("{2150E333-8FDC-42A3-9474-1A3956D46DE8}") = "Les7", "Les7", "{283F71DD-4F7B-4340-95ED-27DF1E0B4829}"
EndProject
Project("{FAE04EC0-301F-11D3-BF4B-00C04F79EFBC}") = "Les7Ex1", "Les7Ex1\Les7Ex1.csproj", "{6380780A-F402-4BF5-AAB1-725079CE0619}"
EndProject
Project("{FAE04EC0-301F-11D3-BF4B-00C04F79EFBC}") = "Les7Ex2", "Les7Ex2\Les7Ex2.csproj", "{B92992FF-8435-4F78-BB4E-F20CA8F66732}"
EndProject
Project("{FAE04EC0-301F-11D3-BF4B-00C04F79EFBC}") = "Les7Ex4", "Les7Ex4\Les7Ex4.csproj", "{99CA2C55-DF7A-4C57-AB45-48AA6BF38578}"
EndProject
Project("{FAE04EC0-301F-11D3-BF4B-00C04F79EFBC}") = "Les7Ex3", "Les7Ex3\Les7Ex3.csproj", "{2C8DD9F6-052A-45D7-9717-4F557FC9AD18}"
EndProject
Global
	GlobalSection(SolutionConfigurationPlatforms) = preSolution
		Debug|Any CPU = Debug|Any CPU
		Release|Any CPU = Release|Any CPU
	EndGlobalSection
	GlobalSection(ProjectConfigurationPlatforms) = postSolution
		{05B33AF8-A06F-43C4-980F-3E14BDCBFD6E}.Debug|Any CPU.ActiveCfg = Debug|Any CPU
		{05B33AF8-A06F-43C4-980F-3E14BDCBFD6E}.Debug|Any CPU.Build.0 = Debug|Any CPU
		{05B33AF8-A06F-43C4-980F-3E14BDCBFD6E}.Release|Any CPU.ActiveCfg = Release|Any CPU
		{05B33AF8-A06F-43C4-980F-3E14BDCBFD6E}.Release|Any CPU.Build.0 = Release|Any CPU
		{9AC3C1C9-929D-4B92-B779-FB5DBEBD237F}.Debug|Any CPU.ActiveCfg = Debug|Any CPU
		{9AC3C1C9-929D-4B92-B779-FB5DBEBD237F}.Debug|Any CPU.Build.0 = Debug|Any CPU
		{9AC3C1C9-929D-4B92-B779-FB5DBEBD237F}.Release|Any CPU.ActiveCfg = Release|Any CPU
		{9AC3C1C9-929D-4B92-B779-FB5DBEBD237F}.Release|Any CPU.Build.0 = Release|Any CPU
		{51C052B9-2C18-48D4-B8E7-52675EFD46A3}.Debug|Any CPU.ActiveCfg = Debug|Any CPU
		{51C052B9-2C18-48D4-B8E7-52675EFD46A3}.Debug|Any CPU.Build.0 = Debug|Any CPU
		{51C052B9-2C18-48D4-B8E7-52675EFD46A3}.Release|Any CPU.ActiveCfg = Release|Any CPU
		{51C052B9-2C18-48D4-B8E7-52675EFD46A3}.Release|Any CPU.Build.0 = Release|Any CPU
		{2006EBFA-032A-4D20-AD6F-8784F11AC991}.Debug|Any CPU.ActiveCfg = Debug|Any CPU
		{2006EBFA-032A-4D20-AD6F-8784F11AC991}.Debug|Any CPU.Build.0 = Debug|Any CPU
		{2006EBFA-032A-4D20-AD6F-8784F11AC991}.Release|Any CPU.ActiveCfg = Release|Any CPU
		{2006EBFA-032A-4D20-AD6F-8784F11AC991}.Release|Any CPU.Build.0 = Release|Any CPU
		{75EAD7B8-F1D5-4BDA-B3C7-AFB50F33E36A}.Debug|Any CPU.ActiveCfg = Debug|Any CPU
		{75EAD7B8-F1D5-4BDA-B3C7-AFB50F33E36A}.Debug|Any CPU.Build.0 = Debug|Any CPU
		{75EAD7B8-F1D5-4BDA-B3C7-AFB50F33E36A}.Release|Any CPU.ActiveCfg = Release|Any CPU
		{75EAD7B8-F1D5-4BDA-B3C7-AFB50F33E36A}.Release|Any CPU.Build.0 = Release|Any CPU
		{0FAB33E8-0F57-4297-9925-7178014C997B}.Debug|Any CPU.ActiveCfg = Debug|Any CPU
		{0FAB33E8-0F57-4297-9925-7178014C997B}.Debug|Any CPU.Build.0 = Debug|Any CPU
		{0FAB33E8-0F57-4297-9925-7178014C997B}.Release|Any CPU.ActiveCfg = Release|Any CPU
		{0FAB33E8-0F57-4297-9925-7178014C997B}.Release|Any CPU.Build.0 = Release|Any CPU
		{01C9DE4D-35C5-465D-AB45-7CB1AE73E7ED}.Debug|Any CPU.ActiveCfg = Debug|Any CPU
		{01C9DE4D-35C5-465D-AB45-7CB1AE73E7ED}.Debug|Any CPU.Build.0 = Debug|Any CPU
		{01C9DE4D-35C5-465D-AB45-7CB1AE73E7ED}.Release|Any CPU.ActiveCfg = Release|Any CPU
		{01C9DE4D-35C5-465D-AB45-7CB1AE73E7ED}.Release|Any CPU.Build.0 = Release|Any CPU
		{1E722B1F-AD8A-48B4-8F9D-F57B9409572F}.Debug|Any CPU.ActiveCfg = Debug|Any CPU
		{1E722B1F-AD8A-48B4-8F9D-F57B9409572F}.Debug|Any CPU.Build.0 = Debug|Any CPU
		{1E722B1F-AD8A-48B4-8F9D-F57B9409572F}.Release|Any CPU.ActiveCfg = Release|Any CPU
		{1E722B1F-AD8A-48B4-8F9D-F57B9409572F}.Release|Any CPU.Build.0 = Release|Any CPU
		{5DAEF994-D8C4-418A-AFBE-9F2B18EFD82E}.Debug|Any CPU.ActiveCfg = Debug|Any CPU
		{5DAEF994-D8C4-418A-AFBE-9F2B18EFD82E}.Debug|Any CPU.Build.0 = Debug|Any CPU
		{5DAEF994-D8C4-418A-AFBE-9F2B18EFD82E}.Release|Any CPU.ActiveCfg = Release|Any CPU
		{5DAEF994-D8C4-418A-AFBE-9F2B18EFD82E}.Release|Any CPU.Build.0 = Release|Any CPU
		{AC0B1433-C891-4E0F-9860-9B07CB35AC01}.Debug|Any CPU.ActiveCfg = Debug|Any CPU
		{AC0B1433-C891-4E0F-9860-9B07CB35AC01}.Debug|Any CPU.Build.0 = Debug|Any CPU
		{AC0B1433-C891-4E0F-9860-9B07CB35AC01}.Release|Any CPU.ActiveCfg = Release|Any CPU
		{AC0B1433-C891-4E0F-9860-9B07CB35AC01}.Release|Any CPU.Build.0 = Release|Any CPU
		{795E78EB-CCE5-4311-937E-B794F8AA6672}.Debug|Any CPU.ActiveCfg = Debug|Any CPU
		{795E78EB-CCE5-4311-937E-B794F8AA6672}.Debug|Any CPU.Build.0 = Debug|Any CPU
		{795E78EB-CCE5-4311-937E-B794F8AA6672}.Release|Any CPU.ActiveCfg = Release|Any CPU
		{795E78EB-CCE5-4311-937E-B794F8AA6672}.Release|Any CPU.Build.0 = Release|Any CPU
		{684BCBB1-369A-4566-B950-C3C027D90EDF}.Debug|Any CPU.ActiveCfg = Debug|Any CPU
		{684BCBB1-369A-4566-B950-C3C027D90EDF}.Debug|Any CPU.Build.0 = Debug|Any CPU
		{684BCBB1-369A-4566-B950-C3C027D90EDF}.Release|Any CPU.ActiveCfg = Release|Any CPU
		{684BCBB1-369A-4566-B950-C3C027D90EDF}.Release|Any CPU.Build.0 = Release|Any CPU
		{486450EF-4CF4-47D3-870C-8BB916AABF96}.Debug|Any CPU.ActiveCfg = Debug|Any CPU
		{486450EF-4CF4-47D3-870C-8BB916AABF96}.Debug|Any CPU.Build.0 = Debug|Any CPU
		{486450EF-4CF4-47D3-870C-8BB916AABF96}.Release|Any CPU.ActiveCfg = Release|Any CPU
		{486450EF-4CF4-47D3-870C-8BB916AABF96}.Release|Any CPU.Build.0 = Release|Any CPU
		{1995E992-C68E-4A61-BD5C-49E08F8EEC37}.Debug|Any CPU.ActiveCfg = Debug|Any CPU
		{1995E992-C68E-4A61-BD5C-49E08F8EEC37}.Debug|Any CPU.Build.0 = Debug|Any CPU
		{1995E992-C68E-4A61-BD5C-49E08F8EEC37}.Release|Any CPU.ActiveCfg = Release|Any CPU
		{1995E992-C68E-4A61-BD5C-49E08F8EEC37}.Release|Any CPU.Build.0 = Release|Any CPU
		{AE48C3F5-90C2-440A-9A89-07AB1AA8DE8F}.Debug|Any CPU.ActiveCfg = Debug|Any CPU
		{AE48C3F5-90C2-440A-9A89-07AB1AA8DE8F}.Debug|Any CPU.Build.0 = Debug|Any CPU
		{AE48C3F5-90C2-440A-9A89-07AB1AA8DE8F}.Release|Any CPU.ActiveCfg = Release|Any CPU
		{AE48C3F5-90C2-440A-9A89-07AB1AA8DE8F}.Release|Any CPU.Build.0 = Release|Any CPU
		{81AC11BB-F94B-4D28-8CC8-EE8900E8538C}.Debug|Any CPU.ActiveCfg = Debug|Any CPU
		{81AC11BB-F94B-4D28-8CC8-EE8900E8538C}.Debug|Any CPU.Build.0 = Debug|Any CPU
		{81AC11BB-F94B-4D28-8CC8-EE8900E8538C}.Release|Any CPU.ActiveCfg = Release|Any CPU
		{81AC11BB-F94B-4D28-8CC8-EE8900E8538C}.Release|Any CPU.Build.0 = Release|Any CPU
		{19067610-D6C4-48B5-BB68-7EC1F7C4A7A9}.Debug|Any CPU.ActiveCfg = Debug|Any CPU
		{19067610-D6C4-48B5-BB68-7EC1F7C4A7A9}.Debug|Any CPU.Build.0 = Debug|Any CPU
		{19067610-D6C4-48B5-BB68-7EC1F7C4A7A9}.Release|Any CPU.ActiveCfg = Release|Any CPU
		{19067610-D6C4-48B5-BB68-7EC1F7C4A7A9}.Release|Any CPU.Build.0 = Release|Any CPU
		{3181DBDC-93DD-4C4F-963E-EFE45F5D9379}.Debug|Any CPU.ActiveCfg = Debug|Any CPU
		{3181DBDC-93DD-4C4F-963E-EFE45F5D9379}.Debug|Any CPU.Build.0 = Debug|Any CPU
		{3181DBDC-93DD-4C4F-963E-EFE45F5D9379}.Release|Any CPU.ActiveCfg = Release|Any CPU
		{3181DBDC-93DD-4C4F-963E-EFE45F5D9379}.Release|Any CPU.Build.0 = Release|Any CPU
		{58A9A251-2B93-48FC-BA76-838C3867F469}.Debug|Any CPU.ActiveCfg = Debug|Any CPU
		{58A9A251-2B93-48FC-BA76-838C3867F469}.Debug|Any CPU.Build.0 = Debug|Any CPU
		{58A9A251-2B93-48FC-BA76-838C3867F469}.Release|Any CPU.ActiveCfg = Release|Any CPU
		{58A9A251-2B93-48FC-BA76-838C3867F469}.Release|Any CPU.Build.0 = Release|Any CPU
		{7125B2E7-7DB8-4867-8959-6AFE8012661D}.Debug|Any CPU.ActiveCfg = Debug|Any CPU
		{7125B2E7-7DB8-4867-8959-6AFE8012661D}.Debug|Any CPU.Build.0 = Debug|Any CPU
		{7125B2E7-7DB8-4867-8959-6AFE8012661D}.Release|Any CPU.ActiveCfg = Release|Any CPU
		{7125B2E7-7DB8-4867-8959-6AFE8012661D}.Release|Any CPU.Build.0 = Release|Any CPU
		{F7F72E67-6736-458C-B02E-564082D3BD84}.Debug|Any CPU.ActiveCfg = Debug|Any CPU
		{F7F72E67-6736-458C-B02E-564082D3BD84}.Debug|Any CPU.Build.0 = Debug|Any CPU
		{F7F72E67-6736-458C-B02E-564082D3BD84}.Release|Any CPU.ActiveCfg = Release|Any CPU
		{F7F72E67-6736-458C-B02E-564082D3BD84}.Release|Any CPU.Build.0 = Release|Any CPU
		{C1D1289A-D086-41AD-8677-D4BCE16DA230}.Debug|Any CPU.ActiveCfg = Debug|Any CPU
		{C1D1289A-D086-41AD-8677-D4BCE16DA230}.Debug|Any CPU.Build.0 = Debug|Any CPU
		{C1D1289A-D086-41AD-8677-D4BCE16DA230}.Release|Any CPU.ActiveCfg = Release|Any CPU
		{C1D1289A-D086-41AD-8677-D4BCE16DA230}.Release|Any CPU.Build.0 = Release|Any CPU
		{B481591B-D43A-49D0-9227-36F53904931E}.Debug|Any CPU.ActiveCfg = Debug|Any CPU
		{B481591B-D43A-49D0-9227-36F53904931E}.Debug|Any CPU.Build.0 = Debug|Any CPU
		{B481591B-D43A-49D0-9227-36F53904931E}.Release|Any CPU.ActiveCfg = Release|Any CPU
		{B481591B-D43A-49D0-9227-36F53904931E}.Release|Any CPU.Build.0 = Release|Any CPU
		{6380780A-F402-4BF5-AAB1-725079CE0619}.Debug|Any CPU.ActiveCfg = Debug|Any CPU
		{6380780A-F402-4BF5-AAB1-725079CE0619}.Debug|Any CPU.Build.0 = Debug|Any CPU
		{6380780A-F402-4BF5-AAB1-725079CE0619}.Release|Any CPU.ActiveCfg = Release|Any CPU
		{6380780A-F402-4BF5-AAB1-725079CE0619}.Release|Any CPU.Build.0 = Release|Any CPU
		{B92992FF-8435-4F78-BB4E-F20CA8F66732}.Debug|Any CPU.ActiveCfg = Debug|Any CPU
		{B92992FF-8435-4F78-BB4E-F20CA8F66732}.Debug|Any CPU.Build.0 = Debug|Any CPU
		{B92992FF-8435-4F78-BB4E-F20CA8F66732}.Release|Any CPU.ActiveCfg = Release|Any CPU
		{B92992FF-8435-4F78-BB4E-F20CA8F66732}.Release|Any CPU.Build.0 = Release|Any CPU
		{99CA2C55-DF7A-4C57-AB45-48AA6BF38578}.Debug|Any CPU.ActiveCfg = Debug|Any CPU
		{99CA2C55-DF7A-4C57-AB45-48AA6BF38578}.Debug|Any CPU.Build.0 = Debug|Any CPU
		{99CA2C55-DF7A-4C57-AB45-48AA6BF38578}.Release|Any CPU.ActiveCfg = Release|Any CPU
		{99CA2C55-DF7A-4C57-AB45-48AA6BF38578}.Release|Any CPU.Build.0 = Release|Any CPU
		{2C8DD9F6-052A-45D7-9717-4F557FC9AD18}.Debug|Any CPU.ActiveCfg = Debug|Any CPU
		{2C8DD9F6-052A-45D7-9717-4F557FC9AD18}.Debug|Any CPU.Build.0 = Debug|Any CPU
		{2C8DD9F6-052A-45D7-9717-4F557FC9AD18}.Release|Any CPU.ActiveCfg = Release|Any CPU
		{2C8DD9F6-052A-45D7-9717-4F557FC9AD18}.Release|Any CPU.Build.0 = Release|Any CPU
	EndGlobalSection
	GlobalSection(SolutionProperties) = preSolution
		HideSolutionNode = FALSE
	EndGlobalSection
	GlobalSection(NestedProjects) = preSolution
		{05B33AF8-A06F-43C4-980F-3E14BDCBFD6E} = {8DB3E71E-4B70-4CA0-999C-BCF77F931FBF}
		{9AC3C1C9-929D-4B92-B779-FB5DBEBD237F} = {8DB3E71E-4B70-4CA0-999C-BCF77F931FBF}
		{51C052B9-2C18-48D4-B8E7-52675EFD46A3} = {8DB3E71E-4B70-4CA0-999C-BCF77F931FBF}
		{2006EBFA-032A-4D20-AD6F-8784F11AC991} = {8DB3E71E-4B70-4CA0-999C-BCF77F931FBF}
		{75EAD7B8-F1D5-4BDA-B3C7-AFB50F33E36A} = {8DB3E71E-4B70-4CA0-999C-BCF77F931FBF}
		{0FAB33E8-0F57-4297-9925-7178014C997B} = {8DB3E71E-4B70-4CA0-999C-BCF77F931FBF}
		{01C9DE4D-35C5-465D-AB45-7CB1AE73E7ED} = {8DB3E71E-4B70-4CA0-999C-BCF77F931FBF}
		{1E722B1F-AD8A-48B4-8F9D-F57B9409572F} = {25946773-56E3-46F2-AA46-E5ECC3CCB488}
		{5DAEF994-D8C4-418A-AFBE-9F2B18EFD82E} = {25946773-56E3-46F2-AA46-E5ECC3CCB488}
		{AC0B1433-C891-4E0F-9860-9B07CB35AC01} = {25946773-56E3-46F2-AA46-E5ECC3CCB488}
		{795E78EB-CCE5-4311-937E-B794F8AA6672} = {0D47E365-8D01-4137-8760-67066E044611}
		{684BCBB1-369A-4566-B950-C3C027D90EDF} = {0D47E365-8D01-4137-8760-67066E044611}
		{486450EF-4CF4-47D3-870C-8BB916AABF96} = {0D47E365-8D01-4137-8760-67066E044611}
		{1995E992-C68E-4A61-BD5C-49E08F8EEC37} = {FFE1AD0A-8E6D-4851-8F4F-3069F659A773}
		{AE48C3F5-90C2-440A-9A89-07AB1AA8DE8F} = {FFE1AD0A-8E6D-4851-8F4F-3069F659A773}
		{81AC11BB-F94B-4D28-8CC8-EE8900E8538C} = {FFE1AD0A-8E6D-4851-8F4F-3069F659A773}
		{19067610-D6C4-48B5-BB68-7EC1F7C4A7A9} = {F042CFEC-7CD0-4BA5-8F33-2887EB74E225}
		{3181DBDC-93DD-4C4F-963E-EFE45F5D9379} = {F042CFEC-7CD0-4BA5-8F33-2887EB74E225}
		{58A9A251-2B93-48FC-BA76-838C3867F469} = {F042CFEC-7CD0-4BA5-8F33-2887EB74E225}
		{7125B2E7-7DB8-4867-8959-6AFE8012661D} = {F042CFEC-7CD0-4BA5-8F33-2887EB74E225}
		{F7F72E67-6736-458C-B02E-564082D3BD84} = {F042CFEC-7CD0-4BA5-8F33-2887EB74E225}
		{C1D1289A-D086-41AD-8677-D4BCE16DA230} = {2741E57A-B430-43F5-B47D-0E9DD38383E7}
		{B481591B-D43A-49D0-9227-36F53904931E} = {2741E57A-B430-43F5-B47D-0E9DD38383E7}
		{6380780A-F402-4BF5-AAB1-725079CE0619} = {283F71DD-4F7B-4340-95ED-27DF1E0B4829}
		{B92992FF-8435-4F78-BB4E-F20CA8F66732} = {283F71DD-4F7B-4340-95ED-27DF1E0B4829}
		{99CA2C55-DF7A-4C57-AB45-48AA6BF38578} = {283F71DD-4F7B-4340-95ED-27DF1E0B4829}
		{2C8DD9F6-052A-45D7-9717-4F557FC9AD18} = {283F71DD-4F7B-4340-95ED-27DF1E0B4829}
	EndGlobalSection
	GlobalSection(ExtensibilityGlobals) = postSolution
		SolutionGuid = {F618D69B-C47C-4C38-809E-727F540C38AC}
	EndGlobalSection
EndGlobal
