
Microsoft Visual Studio Solution File, Format Version 12.00
# Visual Studio Version 16
VisualStudioVersion = 16.0.30611.23
MinimumVisualStudioVersion = 10.0.40219.1
Project("{FAE04EC0-301F-11D3-BF4B-00C04F79EFBC}") = "Ex14", "Ex14\Ex14.csproj", "{05B33AF8-A06F-43C4-980F-3E14BDCBFD6E}"
EndProject
Project("{FAE04EC0-301F-11D3-BF4B-00C04F79EFBC}") = "Ex13", "Ex13\Ex13.csproj", "{9AC3C1C9-929D-4B92-B779-FB5DBEBD237F}"
EndProject
Project("{FAE04EC0-301F-11D3-BF4B-00C04F79EFBC}") = "Ex12", "Ex12\Ex12.csproj", "{51C052B9-2C18-48D4-B8E7-52675EFD46A3}"
EndProject
Project("{FAE04EC0-301F-11D3-BF4B-00C04F79EFBC}") = "Ex11", "Ex11\Ex11.csproj", "{2006EBFA-032A-4D20-AD6F-8784F11AC991}"
EndProject
Project("{FAE04EC0-301F-11D3-BF4B-00C04F79EFBC}") = "Ex10", "Ex10\Ex10.csproj", "{75EAD7B8-F1D5-4BDA-B3C7-AFB50F33E36A}"
EndProject
Project("{FAE04EC0-301F-11D3-BF4B-00C04F79EFBC}") = "Ex3", "Ex3\Ex3.csproj", "{0FAB33E8-0F57-4297-9925-7178014C997B}"
EndProject
Project("{FAE04EC0-301F-11D3-BF4B-00C04F79EFBC}") = "Ex1", "Ex1\Ex1.csproj", "{01C9DE4D-35C5-465D-AB45-7CB1AE73E7ED}"
EndProject
Project("{2150E333-8FDC-42A3-9474-1A3956D46DE8}") = "Les1", "Les1", "{8DB3E71E-4B70-4CA0-999C-BCF77F931FBF}"
EndProject
Project("{2150E333-8FDC-42A3-9474-1A3956D46DE8}") = "Les2", "Les2", "{25946773-56E3-46F2-AA46-E5ECC3CCB488}"
EndProject
Project("{FAE04EC0-301F-11D3-BF4B-00C04F79EFBC}") = "Les2Ex1", "Les2Ex1\Les2Ex1.csproj", "{1E722B1F-AD8A-48B4-8F9D-F57B9409572F}"
EndProject
Project("{FAE04EC0-301F-11D3-BF4B-00C04F79EFBC}") = "Les2Ex2", "Les2Ex2\Les2Ex2.csproj", "{5DAEF994-D8C4-418A-AFBE-9F2B18EFD82E}"
EndProject
Global
	GlobalSection(SolutionConfigurationPlatforms) = preSolution
		Debug|Any CPU = Debug|Any CPU
		Release|Any CPU = Release|Any CPU
	EndGlobalSection
	GlobalSection(ProjectConfigurationPlatforms) = postSolution
		{05B33AF8-A06F-43C4-980F-3E14BDCBFD6E}.Debug|Any CPU.ActiveCfg = Debug|Any CPU
		{05B33AF8-A06F-43C4-980F-3E14BDCBFD6E}.Debug|Any CPU.Build.0 = Debug|Any CPU
		{05B33AF8-A06F-43C4-980F-3E14BDCBFD6E}.Release|Any CPU.ActiveCfg = Release|Any CPU
		{05B33AF8-A06F-43C4-980F-3E14BDCBFD6E}.Release|Any CPU.Build.0 = Release|Any CPU
		{9AC3C1C9-929D-4B92-B779-FB5DBEBD237F}.Debug|Any CPU.ActiveCfg = Debug|Any CPU
		{9AC3C1C9-929D-4B92-B779-FB5DBEBD237F}.Debug|Any CPU.Build.0 = Debug|Any CPU
		{9AC3C1C9-929D-4B92-B779-FB5DBEBD237F}.Release|Any CPU.ActiveCfg = Release|Any CPU
		{9AC3C1C9-929D-4B92-B779-FB5DBEBD237F}.Release|Any CPU.Build.0 = Release|Any CPU
		{51C052B9-2C18-48D4-B8E7-52675EFD46A3}.Debug|Any CPU.ActiveCfg = Debug|Any CPU
		{51C052B9-2C18-48D4-B8E7-52675EFD46A3}.Debug|Any CPU.Build.0 = Debug|Any CPU
		{51C052B9-2C18-48D4-B8E7-52675EFD46A3}.Release|Any CPU.ActiveCfg = Release|Any CPU
		{51C052B9-2C18-48D4-B8E7-52675EFD46A3}.Release|Any CPU.Build.0 = Release|Any CPU
		{2006EBFA-032A-4D20-AD6F-8784F11AC991}.Debug|Any CPU.ActiveCfg = Debug|Any CPU
		{2006EBFA-032A-4D20-AD6F-8784F11AC991}.Debug|Any CPU.Build.0 = Debug|Any CPU
		{2006EBFA-032A-4D20-AD6F-8784F11AC991}.Release|Any CPU.ActiveCfg = Release|Any CPU
		{2006EBFA-032A-4D20-AD6F-8784F11AC991}.Release|Any CPU.Build.0 = Release|Any CPU
		{75EAD7B8-F1D5-4BDA-B3C7-AFB50F33E36A}.Debug|Any CPU.ActiveCfg = Debug|Any CPU
		{75EAD7B8-F1D5-4BDA-B3C7-AFB50F33E36A}.Debug|Any CPU.Build.0 = Debug|Any CPU
		{75EAD7B8-F1D5-4BDA-B3C7-AFB50F33E36A}.Release|Any CPU.ActiveCfg = Release|Any CPU
		{75EAD7B8-F1D5-4BDA-B3C7-AFB50F33E36A}.Release|Any CPU.Build.0 = Release|Any CPU
		{0FAB33E8-0F57-4297-9925-7178014C997B}.Debug|Any CPU.ActiveCfg = Debug|Any CPU
		{0FAB33E8-0F57-4297-9925-7178014C997B}.Debug|Any CPU.Build.0 = Debug|Any CPU
		{0FAB33E8-0F57-4297-9925-7178014C997B}.Release|Any CPU.ActiveCfg = Release|Any CPU
		{0FAB33E8-0F57-4297-9925-7178014C997B}.Release|Any CPU.Build.0 = Release|Any CPU
		{01C9DE4D-35C5-465D-AB45-7CB1AE73E7ED}.Debug|Any CPU.ActiveCfg = Debug|Any CPU
		{01C9DE4D-35C5-465D-AB45-7CB1AE73E7ED}.Debug|Any CPU.Build.0 = Debug|Any CPU
		{01C9DE4D-35C5-465D-AB45-7CB1AE73E7ED}.Release|Any CPU.ActiveCfg = Release|Any CPU
		{01C9DE4D-35C5-465D-AB45-7CB1AE73E7ED}.Release|Any CPU.Build.0 = Release|Any CPU
		{1E722B1F-AD8A-48B4-8F9D-F57B9409572F}.Debug|Any CPU.ActiveCfg = Debug|Any CPU
		{1E722B1F-AD8A-48B4-8F9D-F57B9409572F}.Debug|Any CPU.Build.0 = Debug|Any CPU
		{1E722B1F-AD8A-48B4-8F9D-F57B9409572F}.Release|Any CPU.ActiveCfg = Release|Any CPU
		{1E722B1F-AD8A-48B4-8F9D-F57B9409572F}.Release|Any CPU.Build.0 = Release|Any CPU
		{5DAEF994-D8C4-418A-AFBE-9F2B18EFD82E}.Debug|Any CPU.ActiveCfg = Debug|Any CPU
		{5DAEF994-D8C4-418A-AFBE-9F2B18EFD82E}.Debug|Any CPU.Build.0 = Debug|Any CPU
		{5DAEF994-D8C4-418A-AFBE-9F2B18EFD82E}.Release|Any CPU.ActiveCfg = Release|Any CPU
		{5DAEF994-D8C4-418A-AFBE-9F2B18EFD82E}.Release|Any CPU.Build.0 = Release|Any CPU
	EndGlobalSection
	GlobalSection(SolutionProperties) = preSolution
		HideSolutionNode = FALSE
	EndGlobalSection
	GlobalSection(NestedProjects) = preSolution
		{05B33AF8-A06F-43C4-980F-3E14BDCBFD6E} = {8DB3E71E-4B70-4CA0-999C-BCF77F931FBF}
		{9AC3C1C9-929D-4B92-B779-FB5DBEBD237F} = {8DB3E71E-4B70-4CA0-999C-BCF77F931FBF}
		{51C052B9-2C18-48D4-B8E7-52675EFD46A3} = {8DB3E71E-4B70-4CA0-999C-BCF77F931FBF}
		{2006EBFA-032A-4D20-AD6F-8784F11AC991} = {8DB3E71E-4B70-4CA0-999C-BCF77F931FBF}
		{75EAD7B8-F1D5-4BDA-B3C7-AFB50F33E36A} = {8DB3E71E-4B70-4CA0-999C-BCF77F931FBF}
		{0FAB33E8-0F57-4297-9925-7178014C997B} = {8DB3E71E-4B70-4CA0-999C-BCF77F931FBF}
		{01C9DE4D-35C5-465D-AB45-7CB1AE73E7ED} = {8DB3E71E-4B70-4CA0-999C-BCF77F931FBF}
		{1E722B1F-AD8A-48B4-8F9D-F57B9409572F} = {25946773-56E3-46F2-AA46-E5ECC3CCB488}
		{5DAEF994-D8C4-418A-AFBE-9F2B18EFD82E} = {25946773-56E3-46F2-AA46-E5ECC3CCB488}
	EndGlobalSection
	GlobalSection(ExtensibilityGlobals) = postSolution
		SolutionGuid = {F618D69B-C47C-4C38-809E-727F540C38AC}
	EndGlobalSection
EndGlobal
